# This file is automatically @generated by Cargo.
# It is not intended for manual editing.
version = 3

[[package]]
name = "ariadne"
version = "0.1.3"
source = "registry+https://github.com/rust-lang/crates.io-index"
checksum = "7080ae01b2f0c312065d4914cd0f0de045eb8832e9415b355106a6cff3073cb4"
dependencies = [
 "yansi",
]

[[package]]
name = "rustre-ast-dump"
version = "0.1.0"
dependencies = [
 "ariadne",
 "rustre-parser",
]

[[package]]
name = "rustre-parser"
version = "0.1.0"

[[package]]
name = "yansi"
version = "0.5.0"
source = "registry+https://github.com/rust-lang/crates.io-index"
checksum = "9fc79f4a1e39857fc00c3f662cbf2651c771f00e9c15fe2abc341806bd46bd71"
